
Microsoft Visual Studio Solution File, Format Version 12.00
# Visual Studio 2012
Project("{FAE04EC0-301F-11D3-BF4B-00C04F79EFBC}") = "Centro Estetica", "Centro Estetica\Centro Estetica.csproj", "{DF65779B-E07A-4C6F-9E4E-B41341705EDE}"
EndProject
Global
	GlobalSection(SolutionConfigurationPlatforms) = preSolution
		Debug|Any CPU = Debug|Any CPU
		Release|Any CPU = Release|Any CPU
	EndGlobalSection
	GlobalSection(ProjectConfigurationPlatforms) = postSolution
		{DF65779B-E07A-4C6F-9E4E-B41341705EDE}.Debug|Any CPU.ActiveCfg = Debug|Any CPU
		{DF65779B-E07A-4C6F-9E4E-B41341705EDE}.Debug|Any CPU.Build.0 = Debug|Any CPU
		{DF65779B-E07A-4C6F-9E4E-B41341705EDE}.Release|Any CPU.ActiveCfg = Release|Any CPU
		{DF65779B-E07A-4C6F-9E4E-B41341705EDE}.Release|Any CPU.Build.0 = Release|Any CPU
	EndGlobalSection
	GlobalSection(SolutionProperties) = preSolution
		HideSolutionNode = FALSE
	EndGlobalSection
EndGlobal
