
Microsoft Visual Studio Solution File, Format Version 11.00
# Visual C# Express 2010
Project("{FAE04EC0-301F-11D3-BF4B-00C04F79EFBC}") = "BullPadel", "BullPadel\BullPadel.csproj", "{98E7B63F-5396-4C2B-89A6-6D5011C5B80A}"
EndProject
Project("{54435603-DBB4-11D2-8724-00A0C9A8B90C}") = "Instalador", "Instalador\Instalador.vdproj", "{FE770F6E-B553-4C13-8E7F-F0C82AFE95AC}"
EndProject
Global
	GlobalSection(SolutionConfigurationPlatforms) = preSolution
		Debug|Any CPU = Debug|Any CPU
		Release|Any CPU = Release|Any CPU
	EndGlobalSection
	GlobalSection(ProjectConfigurationPlatforms) = postSolution
		{98E7B63F-5396-4C2B-89A6-6D5011C5B80A}.Debug|Any CPU.ActiveCfg = Debug|Any CPU
		{98E7B63F-5396-4C2B-89A6-6D5011C5B80A}.Debug|Any CPU.Build.0 = Debug|Any CPU
		{98E7B63F-5396-4C2B-89A6-6D5011C5B80A}.Release|Any CPU.ActiveCfg = Release|Any CPU
		{98E7B63F-5396-4C2B-89A6-6D5011C5B80A}.Release|Any CPU.Build.0 = Release|Any CPU
		{FE770F6E-B553-4C13-8E7F-F0C82AFE95AC}.Debug|Any CPU.ActiveCfg = Debug
		{FE770F6E-B553-4C13-8E7F-F0C82AFE95AC}.Release|Any CPU.ActiveCfg = Release
	EndGlobalSection
	GlobalSection(SolutionProperties) = preSolution
		HideSolutionNode = FALSE
	EndGlobalSection
EndGlobal
